// !$*UTF8*$!
{
	archiveVersion = 1;
	classes = {
	};
	objectVersion = 46;
	objects = {

/* Begin PBXBuildFile section */
		7E4B158514D0826C00B7EB69 /* UIKit.framework in Frameworks */ = {isa = PBXBuildFile; fileRef = 7E4B158414D0826C00B7EB69 /* UIKit.framework */; };
		7E4B158714D0826C00B7EB69 /* Foundation.framework in Frameworks */ = {isa = PBXBuildFile; fileRef = 7E4B158614D0826C00B7EB69 /* Foundation.framework */; };
		7E4B158914D0826C00B7EB69 /* CoreGraphics.framework in Frameworks */ = {isa = PBXBuildFile; fileRef = 7E4B158814D0826C00B7EB69 /* CoreGraphics.framework */; };
		7E4B158F14D0826C00B7EB69 /* InfoPlist.strings in Resources */ = {isa = PBXBuildFile; fileRef = 7E4B158D14D0826C00B7EB69 /* InfoPlist.strings */; };
		7E4B159114D0826C00B7EB69 /* main.m in Sources */ = {isa = PBXBuildFile; fileRef = 7E4B159014D0826C00B7EB69 /* main.m */; };
		7E4B159514D0826C00B7EB69 /* AppDelegate.m in Sources */ = {isa = PBXBuildFile; fileRef = 7E4B159414D0826C00B7EB69 /* AppDelegate.m */; };
		7E4B159814D0826C00B7EB69 /* MainStoryboard_iPhone.storyboard in Resources */ = {isa = PBXBuildFile; fileRef = 7E4B159614D0826C00B7EB69 /* MainStoryboard_iPhone.storyboard */; };
		7E4B159B14D0826C00B7EB69 /* MainStoryboard_iPad.storyboard in Resources */ = {isa = PBXBuildFile; fileRef = 7E4B159914D0826C00B7EB69 /* MainStoryboard_iPad.storyboard */; };
		7E4B159E14D0826C00B7EB69 /* ViewController.m in Sources */ = {isa = PBXBuildFile; fileRef = 7E4B159D14D0826C00B7EB69 /* ViewController.m */; };
/* End PBXBuildFile section */

/* Begin PBXFileReference section */
		7E4B158014D0826C00B7EB69 /* cato.app */ = {isa = PBXFileReference; explicitFileType = wrapper.application; includeInIndex = 0; path = cato.app; sourceTree = BUILT_PRODUCTS_DIR; };
		7E4B158414D0826C00B7EB69 /* UIKit.framework */ = {isa = PBXFileReference; lastKnownFileType = wrapper.framework; name = UIKit.framework; path = System/Library/Frameworks/UIKit.framework; sourceTree = SDKROOT; };
		7E4B158614D0826C00B7EB69 /* Foundation.framework */ = {isa = PBXFileReference; lastKnownFileType = wrapper.framework; name = Foundation.framework; path = System/Library/Frameworks/Foundation.framework; sourceTree = SDKROOT; };
		7E4B158814D0826C00B7EB69 /* CoreGraphics.framework */ = {isa = PBXFileReference; lastKnownFileType = wrapper.framework; name = CoreGraphics.framework; path = System/Library/Frameworks/CoreGraphics.framework; sourceTree = SDKROOT; };
		7E4B158C14D0826C00B7EB69 /* cato-Info.plist */ = {isa = PBXFileReference; path = "cato-Info.plist"; sourceTree = "<group>"; };
		7E4B158E14D0826C00B7EB69 /* en */ = {isa = PBXFileReference; lastKnownFileType = text.plist.strings; name = en; path = en.lproj/InfoPlist.strings; sourceTree = "<group>"; };
		7E4B159014D0826C00B7EB69 /* main.m */ = {isa = PBXFileReference; lastKnownFileType = sourcecode.c.objc; path = main.m; sourceTree = "<group>"; };
		7E4B159214D0826C00B7EB69 /* cato-Prefix.pch */ = {isa = PBXFileReference; path = "cato-Prefix.pch"; sourceTree = "<group>"; };
		7E4B159314D0826C00B7EB69 /* AppDelegate.h */ = {isa = PBXFileReference; path = AppDelegate.h; sourceTree = "<group>"; };
		7E4B159414D0826C00B7EB69 /* AppDelegate.m */ = {isa = PBXFileReference; lastKnownFileType = sourcecode.c.objc; path = AppDelegate.m; sourceTree = "<group>"; };
		7E4B159714D0826C00B7EB69 /* en */ = {isa = PBXFileReference; lastKnownFileType = file.storyboard; name = en; path = en.lproj/MainStoryboard_iPhone.storyboard; sourceTree = "<group>"; };
		7E4B159A14D0826C00B7EB69 /* en */ = {isa = PBXFileReference; lastKnownFileType = file.storyboard; name = en; path = en.lproj/MainStoryboard_iPad.storyboard; sourceTree = "<group>"; };
		7E4B159C14D0826C00B7EB69 /* ViewController.h */ = {isa = PBXFileReference; path = ViewController.h; sourceTree = "<group>"; };
		7E4B159D14D0826C00B7EB69 /* ViewController.m */ = {isa = PBXFileReference; lastKnownFileType = sourcecode.c.objc; path = ViewController.m; sourceTree = "<group>"; };
/* End PBXFileReference section */

/* Begin PBXFrameworksBuildPhase section */
		7E4B157D14D0826C00B7EB69 /* Frameworks */ = {
			isa = PBXFrameworksBuildPhase;
			buildActionMask = 2147483647;
			files = (
				7E4B158514D0826C00B7EB69 /* UIKit.framework in Frameworks */,
				7E4B158714D0826C00B7EB69 /* Foundation.framework in Frameworks */,
				7E4B158914D0826C00B7EB69 /* CoreGraphics.framework in Frameworks */,
			);
			runOnlyForDeploymentPostprocessing = 0;
		};
/* End PBXFrameworksBuildPhase section */

/* Begin PBXGroup section */
		7E4B157514D0826B00B7EB69 = {
			isa = PBXGroup;
			children = (
				7E4B158A14D0826C00B7EB69 /* cato */,
				7E4B158314D0826C00B7EB69 /* Frameworks */,
				7E4B158114D0826C00B7EB69 /* Products */,
			);
			sourceTree = "<group>";
		};
		7E4B158114D0826C00B7EB69 /* Products */ = {
			isa = PBXGroup;
			children = (
				7E4B158014D0826C00B7EB69 /* cato.app */,
			);
			name = Products;
			sourceTree = "<group>";
		};
		7E4B158314D0826C00B7EB69 /* Frameworks */ = {
			isa = PBXGroup;
			children = (
				7E4B158414D0826C00B7EB69 /* UIKit.framework */,
				7E4B158614D0826C00B7EB69 /* Foundation.framework */,
				7E4B158814D0826C00B7EB69 /* CoreGraphics.framework */,
			);
			name = Frameworks;
			sourceTree = "<group>";
		};
		7E4B158A14D0826C00B7EB69 /* cato */ = {
			isa = PBXGroup;
			children = (
				7E4B159314D0826C00B7EB69 /* AppDelegate.h */,
				7E4B159414D0826C00B7EB69 /* AppDelegate.m */,
				7E4B159614D0826C00B7EB69 /* MainStoryboard_iPhone.storyboard */,
				7E4B159914D0826C00B7EB69 /* MainStoryboard_iPad.storyboard */,
				7E4B159C14D0826C00B7EB69 /* ViewController.h */,
				7E4B159D14D0826C00B7EB69 /* ViewController.m */,
				7E4B158B14D0826C00B7EB69 /* Supporting Files */,
			);
			path = cato;
			sourceTree = "<group>";
		};
		7E4B158B14D0826C00B7EB69 /* Supporting Files */ = {
			isa = PBXGroup;
			children = (
				7E4B158C14D0826C00B7EB69 /* cato-Info.plist */,
				7E4B158D14D0826C00B7EB69 /* InfoPlist.strings */,
				7E4B159014D0826C00B7EB69 /* main.m */,
				7E4B159214D0826C00B7EB69 /* cato-Prefix.pch */,
			);
			name = "Supporting Files";
			sourceTree = "<group>";
		};
/* End PBXGroup section */

/* Begin PBXNativeTarget section */
		7E4B157F14D0826C00B7EB69 /* cato */ = {
			isa = PBXNativeTarget;
			buildConfigurationList = 7E4B15A114D0826C00B7EB69 /* Build configuration list for PBXNativeTarget "cato" */;
			buildPhases = (
				7E4B157C14D0826C00B7EB69 /* Sources */,
				7E4B157D14D0826C00B7EB69 /* Frameworks */,
				7E4B157E14D0826C00B7EB69 /* Resources */,
			);
			buildRules = (
			);
			dependencies = (
			);
			name = cato;
			productName = cato;
			productReference = 7E4B158014D0826C00B7EB69 /* cato.app */;
			productType = "com.apple.product-type.application";
		};
/* End PBXNativeTarget section */

/* Begin PBXProject section */
		7E4B157714D0826B00B7EB69 /* Project object */ = {
			isa = PBXProject;
			attributes = {
				LastUpgradeCheck = 0420;
			};
			buildConfigurationList = 7E4B157A14D0826B00B7EB69 /* Build configuration list for PBXProject "cato" */;
			compatibilityVersion = "Xcode 3.2";
			developmentRegion = English;
			hasScannedForEncodings = 0;
			knownRegions = (
				en,
			);
			mainGroup = 7E4B157514D0826B00B7EB69;
			productRefGroup = 7E4B158114D0826C00B7EB69 /* Products */;
			projectDirPath = "";
			projectRoot = "";
			targets = (
				7E4B157F14D0826C00B7EB69 /* cato */,
			);
		};
/* End PBXProject section */

/* Begin PBXResourcesBuildPhase section */
		7E4B157E14D0826C00B7EB69 /* Resources */ = {
			isa = PBXResourcesBuildPhase;
			buildActionMask = 2147483647;
			files = (
				7E4B158F14D0826C00B7EB69 /* InfoPlist.strings in Resources */,
				7E4B159814D0826C00B7EB69 /* MainStoryboard_iPhone.storyboard in Resources */,
				7E4B159B14D0826C00B7EB69 /* MainStoryboard_iPad.storyboard in Resources */,
			);
			runOnlyForDeploymentPostprocessing = 0;
		};
/* End PBXResourcesBuildPhase section */

/* Begin PBXSourcesBuildPhase section */
		7E4B157C14D0826C00B7EB69 /* Sources */ = {
			isa = PBXSourcesBuildPhase;
			buildActionMask = 2147483647;
			files = (
				7E4B159114D0826C00B7EB69 /* main.m in Sources */,
				7E4B159514D0826C00B7EB69 /* AppDelegate.m in Sources */,
				7E4B159E14D0826C00B7EB69 /* ViewController.m in Sources */,
			);
			runOnlyForDeploymentPostprocessing = 0;
		};
/* End PBXSourcesBuildPhase section */

/* Begin PBXVariantGroup section */
		7E4B158D14D0826C00B7EB69 /* InfoPlist.strings */ = {
			isa = PBXVariantGroup;
			children = (
				7E4B158E14D0826C00B7EB69 /* en */,
			);
			name = InfoPlist.strings;
			sourceTree = "<group>";
		};
		7E4B159614D0826C00B7EB69 /* MainStoryboard_iPhone.storyboard */ = {
			isa = PBXVariantGroup;
			children = (
				7E4B159714D0826C00B7EB69 /* en */,
			);
			name = MainStoryboard_iPhone.storyboard;
			sourceTree = "<group>";
		};
		7E4B159914D0826C00B7EB69 /* MainStoryboard_iPad.storyboard */ = {
			isa = PBXVariantGroup;
			children = (
				7E4B159A14D0826C00B7EB69 /* en */,
			);
			name = MainStoryboard_iPad.storyboard;
			sourceTree = "<group>";
		};
/* End PBXVariantGroup section */

/* Begin XCBuildConfiguration section */
		7E4B159F14D0826C00B7EB69 /* Debug */ = {
			isa = XCBuildConfiguration;
			buildSettings = {
				ALWAYS_SEARCH_USER_PATHS = NO;
				ARCHS = "$(ARCHS_STANDARD_32_BIT)";
				CLANG_ENABLE_OBJC_ARC = YES;
				"CODE_SIGN_IDENTITY[sdk=iphoneos*]" = "iPhone Developer";
				COPY_PHASE_STRIP = NO;
				GCC_C_LANGUAGE_STANDARD = gnu99;
				GCC_DYNAMIC_NO_PIC = NO;
				GCC_OPTIMIZATION_LEVEL = 0;
				GCC_PREPROCESSOR_DEFINITIONS = (
					"DEBUG=1",
					"$(inherited)",
				);
				GCC_SYMBOLS_PRIVATE_EXTERN = NO;
				GCC_VERSION = com.apple.compilers.llvm.clang.1_0;
				GCC_WARN_ABOUT_MISSING_PROTOTYPES = YES;
				GCC_WARN_ABOUT_RETURN_TYPE = YES;
				GCC_WARN_UNUSED_VARIABLE = YES;
				IPHONEOS_DEPLOYMENT_TARGET = 5.0;
				SDKROOT = iphoneos;
				TARGETED_DEVICE_FAMILY = "1,2";
			};
			name = Debug;
		};
		7E4B15A014D0826C00B7EB69 /* Release */ = {
			isa = XCBuildConfiguration;
			buildSettings = {
				ALWAYS_SEARCH_USER_PATHS = NO;
				ARCHS = "$(ARCHS_STANDARD_32_BIT)";
				CLANG_ENABLE_OBJC_ARC = YES;
				"CODE_SIGN_IDENTITY[sdk=iphoneos*]" = "iPhone Developer";
				COPY_PHASE_STRIP = YES;
				GCC_C_LANGUAGE_STANDARD = gnu99;
				GCC_VERSION = com.apple.compilers.llvm.clang.1_0;
				GCC_WARN_ABOUT_MISSING_PROTOTYPES = YES;
				GCC_WARN_ABOUT_RETURN_TYPE = YES;
				GCC_WARN_UNUSED_VARIABLE = YES;
				IPHONEOS_DEPLOYMENT_TARGET = 5.0;
				OTHER_CFLAGS = "-DNS_BLOCK_ASSERTIONS=1";
				SDKROOT = iphoneos;
				TARGETED_DEVICE_FAMILY = "1,2";
				VALIDATE_PRODUCT = YES;
			};
			name = Release;
		};
		7E4B15A214D0826C00B7EB69 /* Debug */ = {
			isa = XCBuildConfiguration;
			buildSettings = {
				GCC_PRECOMPILE_PREFIX_HEADER = YES;
				GCC_PREFIX_HEADER = "cato/cato-Prefix.pch";
				INFOPLIST_FILE = "cato/cato-Info.plist";
				PRODUCT_NAME = "$(TARGET_NAME)";
				WRAPPER_EXTENSION = app;
			};
			name = Debug;
		};
		7E4B15A314D0826C00B7EB69 /* Release */ = {
			isa = XCBuildConfiguration;
			buildSettings = {
				GCC_PRECOMPILE_PREFIX_HEADER = YES;
				GCC_PREFIX_HEADER = "cato/cato-Prefix.pch";
				INFOPLIST_FILE = "cato/cato-Info.plist";
				PRODUCT_NAME = "$(TARGET_NAME)";
				WRAPPER_EXTENSION = app;
			};
			name = Release;
		};
/* End XCBuildConfiguration section */

/* Begin XCConfigurationList section */
		7E4B157A14D0826B00B7EB69 /* Build configuration list for PBXProject "cato" */ = {
			isa = XCConfigurationList;
			buildConfigurations = (
				7E4B159F14D0826C00B7EB69 /* Debug */,
				7E4B15A014D0826C00B7EB69 /* Release */,
			);
			defaultConfigurationIsVisible = 0;
			defaultConfigurationName = Release;
		};
		7E4B15A114D0826C00B7EB69 /* Build configuration list for PBXNativeTarget "cato" */ = {
			isa = XCConfigurationList;
			buildConfigurations = (
				7E4B15A214D0826C00B7EB69 /* Debug */,
				7E4B15A314D0826C00B7EB69 /* Release */,
			);
			defaultConfigurationIsVisible = 0;
		};
/* End XCConfigurationList section */
	};
	rootObject = 7E4B157714D0826B00B7EB69 /* Project object */;
}
